
Microsoft Visual Studio Solution File, Format Version 12.00
# Visual Studio 15
VisualStudioVersion = 15.0.27130.2010
MinimumVisualStudioVersion = 10.0.40219.1
Project("{FAE04EC0-301F-11D3-BF4B-00C04F79EFBC}") = "Shaykhullin.Practice1", "Shaykhullin.Practice1\Shaykhullin.Practice1.csproj", "{010CD4E7-E921-4BFB-B014-F968D497F9D8}"
EndProject
Project("{FAE04EC0-301F-11D3-BF4B-00C04F79EFBC}") = "Shaykhullin.ColorLines", "Shaykhullin.ColorLines\Shaykhullin.ColorLines.csproj", "{D3EA3754-0419-4686-B465-CDC30184EFB3}"
EndProject
Project("{FAE04EC0-301F-11D3-BF4B-00C04F79EFBC}") = "Shaykhullin.Practice2", "Shaykhullin.Practice2\Shaykhullin.Practice2.csproj", "{A9872BB6-4F91-41DB-9737-B7AB23E7C92C}"
EndProject
Project("{FAE04EC0-301F-11D3-BF4B-00C04F79EFBC}") = "Shaykhullin.Lab1", "Shaykhullin.Lab1\Shaykhullin.Lab1.csproj", "{C0D9C989-1AC8-4130-832F-7288809615D0}"
EndProject
Project("{2150E333-8FDC-42A3-9474-1A3956D46DE8}") = "Practices", "Practices", "{5B73689F-07AA-4797-A230-943DF77C9D88}"
EndProject
Project("{2150E333-8FDC-42A3-9474-1A3956D46DE8}") = "Labs", "Labs", "{C7621EE6-2F67-4025-B3C2-061F320C87DA}"
EndProject
Project("{FAE04EC0-301F-11D3-BF4B-00C04F79EFBC}") = "Shaykhullin", "Shaykhullin\Shaykhullin.csproj", "{26859684-1F80-402C-8060-F43DA9D5B32C}"
EndProject
Project("{FAE04EC0-301F-11D3-BF4B-00C04F79EFBC}") = "Shaykhullin.Lab2", "Shaykhullin.Lab2\Shaykhullin.Lab2.csproj", "{607F8F4F-087B-4FDB-B8BE-90AD631295A8}"
EndProject
Project("{FAE04EC0-301F-11D3-BF4B-00C04F79EFBC}") = "Shaykhullin.Lab3.1", "Shaykhullin.Lab3\Shaykhullin.Lab3.1\Shaykhullin.Lab3.1\Shaykhullin.Lab3.1.csproj", "{4A7FB488-DB46-AC46-0DD3-CADC59D805A2}"
EndProject
Project("{2150E333-8FDC-42A3-9474-1A3956D46DE8}") = "Lab1", "Lab1", "{6958DAB8-DD7E-491D-A975-4FFFBDE167E7}"
EndProject
Project("{2150E333-8FDC-42A3-9474-1A3956D46DE8}") = "Lab2", "Lab2", "{6C5EE2A1-8F11-4D94-B469-95FFAEAB0BC9}"
EndProject
Project("{2150E333-8FDC-42A3-9474-1A3956D46DE8}") = "Lab3", "Lab3", "{1403CAA4-C1D0-4E46-8C92-E8CC11FC4EC5}"
EndProject
Project("{2150E333-8FDC-42A3-9474-1A3956D46DE8}") = "Lab4", "Lab4", "{23D71AAF-4B26-4269-B2D5-F7C965DED116}"
EndProject
Project("{9A19103F-16F7-4668-BE54-9A1E7A4F7556}") = "Shaykhullin.Lab4", "Shaykhullin.Lab4\Shaykhullin.Lab4\Shaykhullin.Lab4.csproj", "{7A465670-0314-428D-9E83-B39D8F0B6AC5}"
EndProject
Project("{FAE04EC0-301F-11D3-BF4B-00C04F79EFBC}") = "Shaykhullin.Lab4.Tests", "Shaykhullin.Lab4\Shaykhullin.Lab4.Tests\Shaykhullin.Lab4.Tests.csproj", "{A2B028DF-07D3-4A9C-A0E6-00BC8550BD0F}"
EndProject
Project("{FAE04EC0-301F-11D3-BF4B-00C04F79EFBC}") = "Shaykhullin.Lab4.Frontend", "Shaykhullin.Lab4\Shaykhullin.Lab4.Frontend\Shaykhullin.Lab4.Frontend.csproj", "{E42A7A20-96F4-4764-905F-6E2799B2DC32}"
EndProject
Project("{9A19103F-16F7-4668-BE54-9A1E7A4F7556}") = "Shaykhullin.Lab4.Sandbox", "Shaykhullin.Lab4\Shaykhullin.Lab4.Sandbox\Shaykhullin.Lab4.Sandbox.csproj", "{930E5ACD-5C78-429F-BC48-7D67DFD61CDA}"
EndProject
Project("{2150E333-8FDC-42A3-9474-1A3956D46DE8}") = "Lab5", "Lab5", "{4706D2FD-7008-4D85-AC26-07AC248B2971}"
EndProject
Project("{FAE04EC0-301F-11D3-BF4B-00C04F79EFBC}") = "Shaykhullin.Lab5.Client", "Shaykhullin.Lab5\Shaykhullin.Lab5.Client\Shaykhullin.Lab5.Client.csproj", "{20AC63C3-BB85-48CB-9343-91DF933810D1}"
EndProject
Project("{9A19103F-16F7-4668-BE54-9A1E7A4F7556}") = "Shaykhullin.Lab5.Server", "Shaykhullin.Lab5\Shaykhullin.Lab5.Server\Shaykhullin.Lab5.Server.csproj", "{2BC70839-B5E7-4BEA-9223-862504807E41}"
EndProject
Project("{FAE04EC0-301F-11D3-BF4B-00C04F79EFBC}") = "Shaykhullin.RoslynWrapper", "Shaykhullin.RoslynWrapper\Shaykhullin.RoslynWrapper.csproj", "{0F7C4554-64BB-4154-984D-276D04CE1D5A}"
EndProject
Project("{2150E333-8FDC-42A3-9474-1A3956D46DE8}") = "Lab6", "Lab6", "{4FACD1DA-44C8-40D3-B812-18CC75F32A0C}"
EndProject
Project("{FAE04EC0-301F-11D3-BF4B-00C04F79EFBC}") = "Shaykhullin.Lab6", "Shaykhullin.Lab6\Shaykhullin.Lab6.csproj", "{74552892-0F97-4245-9359-94EF1E60B943}"
EndProject
Global
	GlobalSection(SolutionConfigurationPlatforms) = preSolution
		Debug|Any CPU = Debug|Any CPU
		Release|Any CPU = Release|Any CPU
	EndGlobalSection
	GlobalSection(ProjectConfigurationPlatforms) = postSolution
		{010CD4E7-E921-4BFB-B014-F968D497F9D8}.Debug|Any CPU.ActiveCfg = Debug|Any CPU
		{010CD4E7-E921-4BFB-B014-F968D497F9D8}.Debug|Any CPU.Build.0 = Debug|Any CPU
		{010CD4E7-E921-4BFB-B014-F968D497F9D8}.Release|Any CPU.ActiveCfg = Release|Any CPU
		{010CD4E7-E921-4BFB-B014-F968D497F9D8}.Release|Any CPU.Build.0 = Release|Any CPU
		{D3EA3754-0419-4686-B465-CDC30184EFB3}.Debug|Any CPU.ActiveCfg = Debug|Any CPU
		{D3EA3754-0419-4686-B465-CDC30184EFB3}.Debug|Any CPU.Build.0 = Debug|Any CPU
		{D3EA3754-0419-4686-B465-CDC30184EFB3}.Release|Any CPU.ActiveCfg = Release|Any CPU
		{D3EA3754-0419-4686-B465-CDC30184EFB3}.Release|Any CPU.Build.0 = Release|Any CPU
		{A9872BB6-4F91-41DB-9737-B7AB23E7C92C}.Debug|Any CPU.ActiveCfg = Debug|Any CPU
		{A9872BB6-4F91-41DB-9737-B7AB23E7C92C}.Debug|Any CPU.Build.0 = Debug|Any CPU
		{A9872BB6-4F91-41DB-9737-B7AB23E7C92C}.Release|Any CPU.ActiveCfg = Release|Any CPU
		{A9872BB6-4F91-41DB-9737-B7AB23E7C92C}.Release|Any CPU.Build.0 = Release|Any CPU
		{C0D9C989-1AC8-4130-832F-7288809615D0}.Debug|Any CPU.ActiveCfg = Debug|Any CPU
		{C0D9C989-1AC8-4130-832F-7288809615D0}.Debug|Any CPU.Build.0 = Debug|Any CPU
		{C0D9C989-1AC8-4130-832F-7288809615D0}.Release|Any CPU.ActiveCfg = Release|Any CPU
		{C0D9C989-1AC8-4130-832F-7288809615D0}.Release|Any CPU.Build.0 = Release|Any CPU
		{26859684-1F80-402C-8060-F43DA9D5B32C}.Debug|Any CPU.ActiveCfg = Debug|Any CPU
		{26859684-1F80-402C-8060-F43DA9D5B32C}.Debug|Any CPU.Build.0 = Debug|Any CPU
		{26859684-1F80-402C-8060-F43DA9D5B32C}.Release|Any CPU.ActiveCfg = Release|Any CPU
		{26859684-1F80-402C-8060-F43DA9D5B32C}.Release|Any CPU.Build.0 = Release|Any CPU
		{607F8F4F-087B-4FDB-B8BE-90AD631295A8}.Debug|Any CPU.ActiveCfg = Debug|Any CPU
		{607F8F4F-087B-4FDB-B8BE-90AD631295A8}.Debug|Any CPU.Build.0 = Debug|Any CPU
		{607F8F4F-087B-4FDB-B8BE-90AD631295A8}.Release|Any CPU.ActiveCfg = Release|Any CPU
		{607F8F4F-087B-4FDB-B8BE-90AD631295A8}.Release|Any CPU.Build.0 = Release|Any CPU
		{4A7FB488-DB46-AC46-0DD3-CADC59D805A2}.Debug|Any CPU.ActiveCfg = Debug|Any CPU
		{4A7FB488-DB46-AC46-0DD3-CADC59D805A2}.Debug|Any CPU.Build.0 = Debug|Any CPU
		{4A7FB488-DB46-AC46-0DD3-CADC59D805A2}.Release|Any CPU.ActiveCfg = Release|Any CPU
		{4A7FB488-DB46-AC46-0DD3-CADC59D805A2}.Release|Any CPU.Build.0 = Release|Any CPU
		{7A465670-0314-428D-9E83-B39D8F0B6AC5}.Debug|Any CPU.ActiveCfg = Debug|Any CPU
		{7A465670-0314-428D-9E83-B39D8F0B6AC5}.Debug|Any CPU.Build.0 = Debug|Any CPU
		{7A465670-0314-428D-9E83-B39D8F0B6AC5}.Release|Any CPU.ActiveCfg = Release|Any CPU
		{7A465670-0314-428D-9E83-B39D8F0B6AC5}.Release|Any CPU.Build.0 = Release|Any CPU
		{A2B028DF-07D3-4A9C-A0E6-00BC8550BD0F}.Debug|Any CPU.ActiveCfg = Debug|Any CPU
		{A2B028DF-07D3-4A9C-A0E6-00BC8550BD0F}.Debug|Any CPU.Build.0 = Debug|Any CPU
		{A2B028DF-07D3-4A9C-A0E6-00BC8550BD0F}.Release|Any CPU.ActiveCfg = Release|Any CPU
		{A2B028DF-07D3-4A9C-A0E6-00BC8550BD0F}.Release|Any CPU.Build.0 = Release|Any CPU
		{E42A7A20-96F4-4764-905F-6E2799B2DC32}.Debug|Any CPU.ActiveCfg = Debug|Any CPU
		{E42A7A20-96F4-4764-905F-6E2799B2DC32}.Debug|Any CPU.Build.0 = Debug|Any CPU
		{E42A7A20-96F4-4764-905F-6E2799B2DC32}.Release|Any CPU.ActiveCfg = Release|Any CPU
		{E42A7A20-96F4-4764-905F-6E2799B2DC32}.Release|Any CPU.Build.0 = Release|Any CPU
		{930E5ACD-5C78-429F-BC48-7D67DFD61CDA}.Debug|Any CPU.ActiveCfg = Debug|Any CPU
		{930E5ACD-5C78-429F-BC48-7D67DFD61CDA}.Debug|Any CPU.Build.0 = Debug|Any CPU
		{930E5ACD-5C78-429F-BC48-7D67DFD61CDA}.Release|Any CPU.ActiveCfg = Release|Any CPU
		{930E5ACD-5C78-429F-BC48-7D67DFD61CDA}.Release|Any CPU.Build.0 = Release|Any CPU
		{20AC63C3-BB85-48CB-9343-91DF933810D1}.Debug|Any CPU.ActiveCfg = Debug|Any CPU
		{20AC63C3-BB85-48CB-9343-91DF933810D1}.Debug|Any CPU.Build.0 = Debug|Any CPU
		{20AC63C3-BB85-48CB-9343-91DF933810D1}.Release|Any CPU.ActiveCfg = Release|Any CPU
		{20AC63C3-BB85-48CB-9343-91DF933810D1}.Release|Any CPU.Build.0 = Release|Any CPU
		{2BC70839-B5E7-4BEA-9223-862504807E41}.Debug|Any CPU.ActiveCfg = Debug|Any CPU
		{2BC70839-B5E7-4BEA-9223-862504807E41}.Debug|Any CPU.Build.0 = Debug|Any CPU
		{2BC70839-B5E7-4BEA-9223-862504807E41}.Release|Any CPU.ActiveCfg = Release|Any CPU
		{2BC70839-B5E7-4BEA-9223-862504807E41}.Release|Any CPU.Build.0 = Release|Any CPU
		{0F7C4554-64BB-4154-984D-276D04CE1D5A}.Debug|Any CPU.ActiveCfg = Debug|Any CPU
		{0F7C4554-64BB-4154-984D-276D04CE1D5A}.Debug|Any CPU.Build.0 = Debug|Any CPU
		{0F7C4554-64BB-4154-984D-276D04CE1D5A}.Release|Any CPU.ActiveCfg = Release|Any CPU
		{0F7C4554-64BB-4154-984D-276D04CE1D5A}.Release|Any CPU.Build.0 = Release|Any CPU
		{74552892-0F97-4245-9359-94EF1E60B943}.Debug|Any CPU.ActiveCfg = Debug|Any CPU
		{74552892-0F97-4245-9359-94EF1E60B943}.Debug|Any CPU.Build.0 = Debug|Any CPU
		{74552892-0F97-4245-9359-94EF1E60B943}.Release|Any CPU.ActiveCfg = Release|Any CPU
		{74552892-0F97-4245-9359-94EF1E60B943}.Release|Any CPU.Build.0 = Release|Any CPU
	EndGlobalSection
	GlobalSection(SolutionProperties) = preSolution
		HideSolutionNode = FALSE
	EndGlobalSection
	GlobalSection(NestedProjects) = preSolution
		{010CD4E7-E921-4BFB-B014-F968D497F9D8} = {5B73689F-07AA-4797-A230-943DF77C9D88}
		{D3EA3754-0419-4686-B465-CDC30184EFB3} = {5B73689F-07AA-4797-A230-943DF77C9D88}
		{A9872BB6-4F91-41DB-9737-B7AB23E7C92C} = {5B73689F-07AA-4797-A230-943DF77C9D88}
		{C0D9C989-1AC8-4130-832F-7288809615D0} = {6958DAB8-DD7E-491D-A975-4FFFBDE167E7}
		{607F8F4F-087B-4FDB-B8BE-90AD631295A8} = {6C5EE2A1-8F11-4D94-B469-95FFAEAB0BC9}
		{4A7FB488-DB46-AC46-0DD3-CADC59D805A2} = {1403CAA4-C1D0-4E46-8C92-E8CC11FC4EC5}
		{6958DAB8-DD7E-491D-A975-4FFFBDE167E7} = {C7621EE6-2F67-4025-B3C2-061F320C87DA}
		{6C5EE2A1-8F11-4D94-B469-95FFAEAB0BC9} = {C7621EE6-2F67-4025-B3C2-061F320C87DA}
		{1403CAA4-C1D0-4E46-8C92-E8CC11FC4EC5} = {C7621EE6-2F67-4025-B3C2-061F320C87DA}
		{23D71AAF-4B26-4269-B2D5-F7C965DED116} = {C7621EE6-2F67-4025-B3C2-061F320C87DA}
		{7A465670-0314-428D-9E83-B39D8F0B6AC5} = {23D71AAF-4B26-4269-B2D5-F7C965DED116}
		{A2B028DF-07D3-4A9C-A0E6-00BC8550BD0F} = {23D71AAF-4B26-4269-B2D5-F7C965DED116}
		{E42A7A20-96F4-4764-905F-6E2799B2DC32} = {23D71AAF-4B26-4269-B2D5-F7C965DED116}
		{930E5ACD-5C78-429F-BC48-7D67DFD61CDA} = {23D71AAF-4B26-4269-B2D5-F7C965DED116}
		{4706D2FD-7008-4D85-AC26-07AC248B2971} = {C7621EE6-2F67-4025-B3C2-061F320C87DA}
		{20AC63C3-BB85-48CB-9343-91DF933810D1} = {4706D2FD-7008-4D85-AC26-07AC248B2971}
		{2BC70839-B5E7-4BEA-9223-862504807E41} = {4706D2FD-7008-4D85-AC26-07AC248B2971}
		{4FACD1DA-44C8-40D3-B812-18CC75F32A0C} = {C7621EE6-2F67-4025-B3C2-061F320C87DA}
		{74552892-0F97-4245-9359-94EF1E60B943} = {4FACD1DA-44C8-40D3-B812-18CC75F32A0C}
	EndGlobalSection
	GlobalSection(ExtensibilityGlobals) = postSolution
		SolutionGuid = {F536F450-8F16-4780-B116-98E21151F647}
	EndGlobalSection
EndGlobal
